
Microsoft Visual Studio Solution File, Format Version 12.00
# Visual Studio Version 17
VisualStudioVersion = 17.2.32519.379
MinimumVisualStudioVersion = 10.0.40219.1
Project("{FAE04EC0-301F-11D3-BF4B-00C04F79EFBC}") = "examen1JoseVillegasCamacho", "examen1JoseVillegasCamacho.csproj", "{FEBC18BB-ADB8-43D0-A287-3568D11E8624}"
EndProject
Global
	GlobalSection(SolutionConfigurationPlatforms) = preSolution
		Debug|Any CPU = Debug|Any CPU
		Release|Any CPU = Release|Any CPU
	EndGlobalSection
	GlobalSection(ProjectConfigurationPlatforms) = postSolution
		{FEBC18BB-ADB8-43D0-A287-3568D11E8624}.Debug|Any CPU.ActiveCfg = Debug|Any CPU
		{FEBC18BB-ADB8-43D0-A287-3568D11E8624}.Debug|Any CPU.Build.0 = Debug|Any CPU
		{FEBC18BB-ADB8-43D0-A287-3568D11E8624}.Release|Any CPU.ActiveCfg = Release|Any CPU
		{FEBC18BB-ADB8-43D0-A287-3568D11E8624}.Release|Any CPU.Build.0 = Release|Any CPU
	EndGlobalSection
	GlobalSection(SolutionProperties) = preSolution
		HideSolutionNode = FALSE
	EndGlobalSection
	GlobalSection(ExtensibilityGlobals) = postSolution
		SolutionGuid = {1FD0EE00-4FEF-4D00-95F7-D0DC067236E2}
	EndGlobalSection
EndGlobal
